
Microsoft Visual Studio Solution File, Format Version 12.00
# Visual Studio Version 16
VisualStudioVersion = 16.0.32228.343
MinimumVisualStudioVersion = 10.0.40219.1
Project("{FAE04EC0-301F-11D3-BF4B-00C04F79EFBC}") = "InventarioVentas.Server", "Server\InventarioVentas.Server.csproj", "{903FD39C-4C18-4AA2-9749-B4A846DBF0A4}"
EndProject
Project("{FAE04EC0-301F-11D3-BF4B-00C04F79EFBC}") = "InventarioVentas.Client", "Client\InventarioVentas.Client.csproj", "{FACEE70F-1D9B-4597-9C39-9D608A562F6C}"
EndProject
Project("{FAE04EC0-301F-11D3-BF4B-00C04F79EFBC}") = "InventarioVentas.Shared", "Shared\InventarioVentas.Shared.csproj", "{E1239694-BDBA-40F2-B7EB-D6B2BBB8EE2D}"
EndProject
Global
	GlobalSection(SolutionConfigurationPlatforms) = preSolution
		Debug|Any CPU = Debug|Any CPU
		Release|Any CPU = Release|Any CPU
	EndGlobalSection
	GlobalSection(ProjectConfigurationPlatforms) = postSolution
		{903FD39C-4C18-4AA2-9749-B4A846DBF0A4}.Debug|Any CPU.ActiveCfg = Debug|Any CPU
		{903FD39C-4C18-4AA2-9749-B4A846DBF0A4}.Debug|Any CPU.Build.0 = Debug|Any CPU
		{903FD39C-4C18-4AA2-9749-B4A846DBF0A4}.Release|Any CPU.ActiveCfg = Release|Any CPU
		{903FD39C-4C18-4AA2-9749-B4A846DBF0A4}.Release|Any CPU.Build.0 = Release|Any CPU
		{FACEE70F-1D9B-4597-9C39-9D608A562F6C}.Debug|Any CPU.ActiveCfg = Debug|Any CPU
		{FACEE70F-1D9B-4597-9C39-9D608A562F6C}.Debug|Any CPU.Build.0 = Debug|Any CPU
		{FACEE70F-1D9B-4597-9C39-9D608A562F6C}.Release|Any CPU.ActiveCfg = Release|Any CPU
		{FACEE70F-1D9B-4597-9C39-9D608A562F6C}.Release|Any CPU.Build.0 = Release|Any CPU
		{E1239694-BDBA-40F2-B7EB-D6B2BBB8EE2D}.Debug|Any CPU.ActiveCfg = Debug|Any CPU
		{E1239694-BDBA-40F2-B7EB-D6B2BBB8EE2D}.Debug|Any CPU.Build.0 = Debug|Any CPU
		{E1239694-BDBA-40F2-B7EB-D6B2BBB8EE2D}.Release|Any CPU.ActiveCfg = Release|Any CPU
		{E1239694-BDBA-40F2-B7EB-D6B2BBB8EE2D}.Release|Any CPU.Build.0 = Release|Any CPU
	EndGlobalSection
	GlobalSection(SolutionProperties) = preSolution
		HideSolutionNode = FALSE
	EndGlobalSection
	GlobalSection(ExtensibilityGlobals) = postSolution
		SolutionGuid = {179A0F0C-8EE5-40CD-B7EB-3C1D00E969F9}
	EndGlobalSection
EndGlobal
